
Microsoft Visual Studio Solution File, Format Version 12.00
# Visual Studio Version 16
VisualStudioVersion = 16.0.29609.76
MinimumVisualStudioVersion = 10.0.40219.1
Project("{9A19103F-16F7-4668-BE54-9A1E7A4F7556}") = "osu.Karaoke.Font", "osu.Karaoke.Font\osu.Karaoke.Font.csproj", "{5EE8EF44-AC46-4E42-A003-50B4494AD5DB}"
EndProject
Project("{9A19103F-16F7-4668-BE54-9A1E7A4F7556}") = "osu.Karaoke.Font.Tests", "osu.Karaoke.Font.Tests\osu.Karaoke.Font.Tests.csproj", "{8BBA8482-AF75-40AD-8A6A-DDE982AB4387}"
EndProject
Global
	GlobalSection(SolutionConfigurationPlatforms) = preSolution
		Debug|Any CPU = Debug|Any CPU
		Release|Any CPU = Release|Any CPU
	EndGlobalSection
	GlobalSection(ProjectConfigurationPlatforms) = postSolution
		{5EE8EF44-AC46-4E42-A003-50B4494AD5DB}.Debug|Any CPU.ActiveCfg = Debug|Any CPU
		{5EE8EF44-AC46-4E42-A003-50B4494AD5DB}.Debug|Any CPU.Build.0 = Debug|Any CPU
		{5EE8EF44-AC46-4E42-A003-50B4494AD5DB}.Release|Any CPU.ActiveCfg = Release|Any CPU
		{5EE8EF44-AC46-4E42-A003-50B4494AD5DB}.Release|Any CPU.Build.0 = Release|Any CPU
		{8BBA8482-AF75-40AD-8A6A-DDE982AB4387}.Debug|Any CPU.ActiveCfg = Debug|Any CPU
		{8BBA8482-AF75-40AD-8A6A-DDE982AB4387}.Debug|Any CPU.Build.0 = Debug|Any CPU
		{8BBA8482-AF75-40AD-8A6A-DDE982AB4387}.Release|Any CPU.ActiveCfg = Release|Any CPU
		{8BBA8482-AF75-40AD-8A6A-DDE982AB4387}.Release|Any CPU.Build.0 = Release|Any CPU
	EndGlobalSection
	GlobalSection(SolutionProperties) = preSolution
		HideSolutionNode = FALSE
	EndGlobalSection
	GlobalSection(ExtensibilityGlobals) = postSolution
		SolutionGuid = {F4E561E8-2E0B-44CD-9813-55DFC75718EF}
	EndGlobalSection
EndGlobal
